
Microsoft Visual Studio Solution File, Format Version 12.00
# Visual Studio Version 17
VisualStudioVersion = 17.1.32407.343
MinimumVisualStudioVersion = 10.0.40219.1
Project("{9A19103F-16F7-4668-BE54-9A1E7A4F7556}") = "EasylifeAPI", "EasylifeAPI\EasylifeAPI.csproj", "{0DB71B43-1E92-4C69-996F-55C8792341DF}"
EndProject
Project("{E53339B2-1760-4266-BCC7-CA923CBCF16C}") = "docker-compose", "docker-compose.dcproj", "{2737FCB9-C68C-4303-A4CB-95E6D64BC87C}"
EndProject
Global
	GlobalSection(SolutionConfigurationPlatforms) = preSolution
		Debug|Any CPU = Debug|Any CPU
		Release|Any CPU = Release|Any CPU
	EndGlobalSection
	GlobalSection(ProjectConfigurationPlatforms) = postSolution
		{0DB71B43-1E92-4C69-996F-55C8792341DF}.Debug|Any CPU.ActiveCfg = Debug|Any CPU
		{0DB71B43-1E92-4C69-996F-55C8792341DF}.Debug|Any CPU.Build.0 = Debug|Any CPU
		{0DB71B43-1E92-4C69-996F-55C8792341DF}.Release|Any CPU.ActiveCfg = Release|Any CPU
		{0DB71B43-1E92-4C69-996F-55C8792341DF}.Release|Any CPU.Build.0 = Release|Any CPU
		{2737FCB9-C68C-4303-A4CB-95E6D64BC87C}.Debug|Any CPU.ActiveCfg = Debug|Any CPU
		{2737FCB9-C68C-4303-A4CB-95E6D64BC87C}.Debug|Any CPU.Build.0 = Debug|Any CPU
		{2737FCB9-C68C-4303-A4CB-95E6D64BC87C}.Release|Any CPU.ActiveCfg = Release|Any CPU
		{2737FCB9-C68C-4303-A4CB-95E6D64BC87C}.Release|Any CPU.Build.0 = Release|Any CPU
	EndGlobalSection
	GlobalSection(SolutionProperties) = preSolution
		HideSolutionNode = FALSE
	EndGlobalSection
	GlobalSection(ExtensibilityGlobals) = postSolution
		SolutionGuid = {502ABAF0-1210-4DC4-A8FE-19F24802942E}
	EndGlobalSection
EndGlobal
